
Microsoft Visual Studio Solution File, Format Version 12.00
# Visual Studio 14
VisualStudioVersion = 14.0.25123.0
MinimumVisualStudioVersion = 10.0.40219.1
Project("{FAE04EC0-301F-11D3-BF4B-00C04F79EFBC}") = "DotNetLibrarySample", "DotNetClientSampleApp\DotNetLibrarySample.csproj", "{C5584012-1022-44A9-91FB-865D0FE87262}"
EndProject
Project("{FAE04EC0-301F-11D3-BF4B-00C04F79EFBC}") = "NESTLibrarySample", "ConsoleApplication1\NESTLibrarySample.csproj", "{312AEFE4-3077-4DFD-A876-6842F112D3B0}"
EndProject
Global
	GlobalSection(SolutionConfigurationPlatforms) = preSolution
		Debug|Any CPU = Debug|Any CPU
		Release|Any CPU = Release|Any CPU
	EndGlobalSection
	GlobalSection(ProjectConfigurationPlatforms) = postSolution
		{C5584012-1022-44A9-91FB-865D0FE87262}.Debug|Any CPU.ActiveCfg = Debug|Any CPU
		{C5584012-1022-44A9-91FB-865D0FE87262}.Debug|Any CPU.Build.0 = Debug|Any CPU
		{C5584012-1022-44A9-91FB-865D0FE87262}.Release|Any CPU.ActiveCfg = Release|Any CPU
		{C5584012-1022-44A9-91FB-865D0FE87262}.Release|Any CPU.Build.0 = Release|Any CPU
		{312AEFE4-3077-4DFD-A876-6842F112D3B0}.Debug|Any CPU.ActiveCfg = Debug|Any CPU
		{312AEFE4-3077-4DFD-A876-6842F112D3B0}.Debug|Any CPU.Build.0 = Debug|Any CPU
		{312AEFE4-3077-4DFD-A876-6842F112D3B0}.Release|Any CPU.ActiveCfg = Release|Any CPU
		{312AEFE4-3077-4DFD-A876-6842F112D3B0}.Release|Any CPU.Build.0 = Release|Any CPU
	EndGlobalSection
	GlobalSection(SolutionProperties) = preSolution
		HideSolutionNode = FALSE
	EndGlobalSection
EndGlobal
